
Microsoft Visual Studio Solution File, Format Version 12.00
# Visual Studio Version 17
VisualStudioVersion = 17.5.002.0
MinimumVisualStudioVersion = 10.0.40219.1
Project("{9A19103F-16F7-4668-BE54-9A1E7A4F7556}") = "DesafioFundamentos", "DesafioFundamentos.csproj", "{CE46165D-133C-45C4-BBD1-A4BE7C954ED0}"
EndProject
Global
	GlobalSection(SolutionConfigurationPlatforms) = preSolution
		Debug|Any CPU = Debug|Any CPU
		Release|Any CPU = Release|Any CPU
	EndGlobalSection
	GlobalSection(ProjectConfigurationPlatforms) = postSolution
		{CE46165D-133C-45C4-BBD1-A4BE7C954ED0}.Debug|Any CPU.ActiveCfg = Debug|Any CPU
		{CE46165D-133C-45C4-BBD1-A4BE7C954ED0}.Debug|Any CPU.Build.0 = Debug|Any CPU
		{CE46165D-133C-45C4-BBD1-A4BE7C954ED0}.Release|Any CPU.ActiveCfg = Release|Any CPU
		{CE46165D-133C-45C4-BBD1-A4BE7C954ED0}.Release|Any CPU.Build.0 = Release|Any CPU
	EndGlobalSection
	GlobalSection(SolutionProperties) = preSolution
		HideSolutionNode = FALSE
	EndGlobalSection
	GlobalSection(ExtensibilityGlobals) = postSolution
		SolutionGuid = {0B0737DB-8D15-4006-A500-C7ACA860A4CE}
	EndGlobalSection
EndGlobal
